Microsoft Visual Studio Solution File, Format Version 12.00
# Visual Studio Version 17
VisualStudioVersion = 17.5.2.0
MinimumVisualStudioVersion = 10.0.40219.1
Project("{FAE04EC0-301F-11D3-BF4B-00C04F79EFBC}") = "Inkwell_Kunal", "Inkwell_Kunal.csproj", "{EE390FE9-CBED-11EA-C7C7-2B326B357698}"
EndProject
Global
	GlobalSection(SolutionConfigurationPlatforms) = preSolution
		Debug|Any CPU = Debug|Any CPU
		Release|Any CPU = Release|Any CPU
	EndGlobalSection
	GlobalSection(ProjectConfigurationPlatforms) = postSolution
		{EE390FE9-CBED-11EA-C7C7-2B326B357698}.Debug|Any CPU.ActiveCfg = Debug|Any CPU
		{EE390FE9-CBED-11EA-C7C7-2B326B357698}.Debug|Any CPU.Build.0 = Debug|Any CPU
		{EE390FE9-CBED-11EA-C7C7-2B326B357698}.Release|Any CPU.ActiveCfg = Release|Any CPU
		{EE390FE9-CBED-11EA-C7C7-2B326B357698}.Release|Any CPU.Build.0 = Release|Any CPU
	EndGlobalSection
	GlobalSection(SolutionProperties) = preSolution
		HideSolutionNode = FALSE
	EndGlobalSection
	GlobalSection(ExtensibilityGlobals) = postSolution
		SolutionGuid = {4F695A19-C2F6-47C7-8890-8A8299956521}
	EndGlobalSection
EndGlobal
